<?xml version="1.0" encoding="utf-8"?>
<Project ToolsVersion="4.0" xmlns="http://schemas.microsoft.com/developer/msbuild/2003">
  <ItemGroup>
    <ClCompile Include="main.cpp" />
    <ClCompile Include="Core.cpp" />
    <ClCompile Include="Console.cpp" />
    <ClCompile Include="Utilities.cpp" />
    <ClCompile Include="Winsock\TCPSocket.cpp" />
    <ClCompile Include="Winsock\UDPSocket.cpp" />
  </ItemGroup>
  <ItemGroup>
    <ClInclude Include="Core.h" />
    <ClInclude Include="Common\VersionInfo.h" />
    <ClInclude Include="Common\VMProtect.h" />
    <ClInclude Include="ThirdParty\VMProtectSDK\VMProtectSDK.h" />
    <ClInclude Include="ThirdParty\io_color.h" />
    <ClInclude Include="ThirdParty\json.hpp" />
    <ClInclude Include="Console.h" />
    <ClInclude Include="resource.h" />
    <ClInclude Include="Utilities.h" />
    <ClInclude Include="Winsock\TCPSocket.h" />
    <ClInclude Include="Winsock\UDPSocket.h" />
  </ItemGroup>
  <ItemGroup>
    <Library Include="ThirdParty\VMProtectSDK\VMProtectSDK32.lib" />
  </ItemGroup>
  <ItemGroup>
    <Image Include="icon1.ico" />
  </ItemGroup>
  <ItemGroup>
    <None Include="loader.aps" />
    <None Include=".gitattributes" />
    <None Include=".gitignore" />
  </ItemGroup>
  <ItemGroup>
    <ResourceCompile Include="loader.rc" />
  </ItemGroup>
</Project>